
Microsoft Visual Studio Solution File, Format Version 12.00
# Visual Studio Version 17
VisualStudioVersion = 17.1.32407.343
MinimumVisualStudioVersion = 10.0.40219.1
Project("{2150E333-8FDC-42A3-9474-1A3956D46DE8}") = "Solution Items", "Solution Items", "{A9296A09-5388-4AEA-B373-EBB1146F0F66}"
	ProjectSection(SolutionItems) = preProject
		.editorconfig = .editorconfig
	EndProjectSection
EndProject
Project("{9A19103F-16F7-4668-BE54-9A1E7A4F7556}") = "TNBU.Core", "TNBU.Core\TNBU.Core.csproj", "{1D0A814F-08C4-42DD-95AB-5F25D9327CDD}"
EndProject
Project("{FAE04EC0-301F-11D3-BF4B-00C04F79EFBC}") = "TNBU.MitM", "TNBU.MitM\TNBU.MitM.csproj", "{9FE76C28-D2B5-4FC2-A8F9-FE70FC646DAA}"
EndProject
Global
	GlobalSection(SolutionConfigurationPlatforms) = preSolution
		Debug|Any CPU = Debug|Any CPU
		Release|Any CPU = Release|Any CPU
	EndGlobalSection
	GlobalSection(ProjectConfigurationPlatforms) = postSolution
		{1D0A814F-08C4-42DD-95AB-5F25D9327CDD}.Debug|Any CPU.ActiveCfg = Debug|Any CPU
		{1D0A814F-08C4-42DD-95AB-5F25D9327CDD}.Debug|Any CPU.Build.0 = Debug|Any CPU
		{1D0A814F-08C4-42DD-95AB-5F25D9327CDD}.Release|Any CPU.ActiveCfg = Release|Any CPU
		{1D0A814F-08C4-42DD-95AB-5F25D9327CDD}.Release|Any CPU.Build.0 = Release|Any CPU
		{9FE76C28-D2B5-4FC2-A8F9-FE70FC646DAA}.Debug|Any CPU.ActiveCfg = Debug|Any CPU
		{9FE76C28-D2B5-4FC2-A8F9-FE70FC646DAA}.Debug|Any CPU.Build.0 = Debug|Any CPU
		{9FE76C28-D2B5-4FC2-A8F9-FE70FC646DAA}.Release|Any CPU.ActiveCfg = Release|Any CPU
		{9FE76C28-D2B5-4FC2-A8F9-FE70FC646DAA}.Release|Any CPU.Build.0 = Release|Any CPU
	EndGlobalSection
	GlobalSection(SolutionProperties) = preSolution
		HideSolutionNode = FALSE
	EndGlobalSection
	GlobalSection(ExtensibilityGlobals) = postSolution
		SolutionGuid = {7E54C8F5-0F6C-4EFB-B8FF-52A68E8A7B2F}
	EndGlobalSection
EndGlobal
